// !$*UTF8*$!
{
	archiveVersion = 1;
	classes = {
	};
	objectVersion = 46;
	objects = {

/* Begin PBXBuildFile section */
		AA03FE071AD2400D004EB86B /* OpenGL.framework in Frameworks */ = {isa = PBXBuildFile; fileRef = AA03FE061AD2400D004EB86B /* OpenGL.framework */; };
		AA2AB2011ADC632C000DD349 /* scene.cpp in Sources */ = {isa = PBXBuildFile; fileRef = AA2AB1FF1ADC632C000DD349 /* scene.cpp */; };
		AA2AB2041ADD030C000DD349 /* camera.cpp in Sources */ = {isa = PBXBuildFile; fileRef = AA2AB2021ADD030C000DD349 /* camera.cpp */; };
		AA86D1E61AEC64A300DB4163 /* libSOIL.a in Frameworks */ = {isa = PBXBuildFile; fileRef = AA86D1E31AEC439600DB4163 /* libSOIL.a */; };
		AA86D1E81AEC68D400DB4163 /* CoreFoundation.framework in Frameworks */ = {isa = PBXBuildFile; fileRef = AA86D1E71AEC68D400DB4163 /* CoreFoundation.framework */; };
		AAA19FC71ADE404200FC733B /* model.cpp in Sources */ = {isa = PBXBuildFile; fileRef = AAA19FC51ADE404200FC733B /* model.cpp */; };
		AABB7DD91AD9D77D00AF7BFB /* libglfw.3.1.dylib in Frameworks */ = {isa = PBXBuildFile; fileRef = AA03FE0A1AD242A0004EB86B /* libglfw.3.1.dylib */; };
		AABB7DDB1AD9EC4E00AF7BFB /* libGLEW.1.12.0.dylib in Frameworks */ = {isa = PBXBuildFile; fileRef = AABB7DDA1AD9EC4E00AF7BFB /* libGLEW.1.12.0.dylib */; };
		AABB7DDD1ADA264400AF7BFB /* shader.cpp in Sources */ = {isa = PBXBuildFile; fileRef = AABB7DDC1ADA264400AF7BFB /* shader.cpp */; };
		AACD42EE1AD2050C00846D5F /* main.cpp in Sources */ = {isa = PBXBuildFile; fileRef = AACD42ED1AD2050C00846D5F /* main.cpp */; };
/* End PBXBuildFile section */

/* Begin PBXCopyFilesBuildPhase section */
		AACD42E81AD2050C00846D5F /* CopyFiles */ = {
			isa = PBXCopyFilesBuildPhase;
			buildActionMask = 8;
			dstPath = "";
			dstSubfolderSpec = 0;
			files = (
			);
			runOnlyForDeploymentPostprocessing = 1;
		};
/* End PBXCopyFilesBuildPhase section */

/* Begin PBXFileReference section */
		AA03FE061AD2400D004EB86B /* OpenGL.framework */ = {isa = PBXFileReference; lastKnownFileType = wrapper.framework; name = OpenGL.framework; path = System/Library/Frameworks/OpenGL.framework; sourceTree = SDKROOT; };
		AA03FE0A1AD242A0004EB86B /* libglfw.3.1.dylib */ = {isa = PBXFileReference; lastKnownFileType = "compiled.mach-o.dylib"; name = libglfw.3.1.dylib; path = ../../../../usr/local/lib/libglfw.3.1.dylib; sourceTree = "<group>"; };
		AA2AB1FF1ADC632C000DD349 /* scene.cpp */ = {isa = PBXFileReference; fileEncoding = 4; lastKnownFileType = sourcecode.cpp.cpp; path = scene.cpp; sourceTree = "<group>"; };
		AA2AB2001ADC632C000DD349 /* scene.hpp */ = {isa = PBXFileReference; fileEncoding = 4; lastKnownFileType = sourcecode.cpp.h; path = scene.hpp; sourceTree = "<group>"; };
		AA2AB2021ADD030C000DD349 /* camera.cpp */ = {isa = PBXFileReference; fileEncoding = 4; lastKnownFileType = sourcecode.cpp.cpp; path = camera.cpp; sourceTree = "<group>"; };
		AA2AB2031ADD030C000DD349 /* camera.hpp */ = {isa = PBXFileReference; fileEncoding = 4; lastKnownFileType = sourcecode.cpp.h; path = camera.hpp; sourceTree = "<group>"; };
		AA2AB2051ADDB6F6000DD349 /* globals.hpp */ = {isa = PBXFileReference; fileEncoding = 4; lastKnownFileType = sourcecode.cpp.h; path = globals.hpp; sourceTree = "<group>"; };
		AA86D1E31AEC439600DB4163 /* libSOIL.a */ = {isa = PBXFileReference; lastKnownFileType = archive.ar; name = libSOIL.a; path = ../../../../usr/local/lib/libSOIL.a; sourceTree = "<group>"; };
		AA86D1E71AEC68D400DB4163 /* CoreFoundation.framework */ = {isa = PBXFileReference; lastKnownFileType = wrapper.framework; name = CoreFoundation.framework; path = System/Library/Frameworks/CoreFoundation.framework; sourceTree = SDKROOT; };
		AAA19FC51ADE404200FC733B /* model.cpp */ = {isa = PBXFileReference; fileEncoding = 4; lastKnownFileType = sourcecode.cpp.cpp; path = model.cpp; sourceTree = "<group>"; };
		AAA19FC61ADE404200FC733B /* model.hpp */ = {isa = PBXFileReference; fileEncoding = 4; lastKnownFileType = sourcecode.cpp.h; path = model.hpp; sourceTree = "<group>"; };
		AABB7DDA1AD9EC4E00AF7BFB /* libGLEW.1.12.0.dylib */ = {isa = PBXFileReference; lastKnownFileType = "compiled.mach-o.dylib"; name = libGLEW.1.12.0.dylib; path = "../../../../glew-1.12.0/lib/libGLEW.1.12.0.dylib"; sourceTree = "<group>"; };
		AABB7DDC1ADA264400AF7BFB /* shader.cpp */ = {isa = PBXFileReference; fileEncoding = 4; lastKnownFileType = sourcecode.cpp.cpp; name = shader.cpp; path = common/shader.cpp; sourceTree = "<group>"; };
		AABB7DDE1ADA268000AF7BFB /* shader.hpp */ = {isa = PBXFileReference; fileEncoding = 4; lastKnownFileType = sourcecode.cpp.h; name = shader.hpp; path = common/shader.hpp; sourceTree = "<group>"; };
		AACD42EA1AD2050C00846D5F /* opengltest */ = {isa = PBXFileReference; explicitFileType = "compiled.mach-o.executable"; includeInIndex = 0; path = opengltest; sourceTree = BUILT_PRODUCTS_DIR; };
		AACD42ED1AD2050C00846D5F /* main.cpp */ = {isa = PBXFileReference; lastKnownFileType = sourcecode.cpp.cpp; path = main.cpp; sourceTree = "<group>"; };
/* End PBXFileReference section */

/* Begin PBXFrameworksBuildPhase section */
		AACD42E71AD2050C00846D5F /* Frameworks */ = {
			isa = PBXFrameworksBuildPhase;
			buildActionMask = 2147483647;
			files = (
				AA86D1E81AEC68D400DB4163 /* CoreFoundation.framework in Frameworks */,
				AA86D1E61AEC64A300DB4163 /* libSOIL.a in Frameworks */,
				AABB7DDB1AD9EC4E00AF7BFB /* libGLEW.1.12.0.dylib in Frameworks */,
				AABB7DD91AD9D77D00AF7BFB /* libglfw.3.1.dylib in Frameworks */,
				AA03FE071AD2400D004EB86B /* OpenGL.framework in Frameworks */,
			);
			runOnlyForDeploymentPostprocessing = 0;
		};
/* End PBXFrameworksBuildPhase section */

/* Begin PBXGroup section */
		AACD42E11AD2050C00846D5F = {
			isa = PBXGroup;
			children = (
				AA86D1E71AEC68D400DB4163 /* CoreFoundation.framework */,
				AA86D1E31AEC439600DB4163 /* libSOIL.a */,
				AABB7DDA1AD9EC4E00AF7BFB /* libGLEW.1.12.0.dylib */,
				AA03FE0A1AD242A0004EB86B /* libglfw.3.1.dylib */,
				AA03FE061AD2400D004EB86B /* OpenGL.framework */,
				AACD42EC1AD2050C00846D5F /* opengltest */,
				AACD42EB1AD2050C00846D5F /* Products */,
			);
			sourceTree = "<group>";
		};
		AACD42EB1AD2050C00846D5F /* Products */ = {
			isa = PBXGroup;
			children = (
				AACD42EA1AD2050C00846D5F /* opengltest */,
			);
			name = Products;
			sourceTree = "<group>";
		};
		AACD42EC1AD2050C00846D5F /* opengltest */ = {
			isa = PBXGroup;
			children = (
				AA2AB1FF1ADC632C000DD349 /* scene.cpp */,
				AAA19FC51ADE404200FC733B /* model.cpp */,
				AAA19FC61ADE404200FC733B /* model.hpp */,
				AA2AB2001ADC632C000DD349 /* scene.hpp */,
				AA2AB2051ADDB6F6000DD349 /* globals.hpp */,
				AA2AB2021ADD030C000DD349 /* camera.cpp */,
				AA2AB2031ADD030C000DD349 /* camera.hpp */,
				AABB7DDE1ADA268000AF7BFB /* shader.hpp */,
				AACD42ED1AD2050C00846D5F /* main.cpp */,
				AABB7DDC1ADA264400AF7BFB /* shader.cpp */,
			);
			path = opengltest;
			sourceTree = "<group>";
		};
/* End PBXGroup section */

/* Begin PBXNativeTarget section */
		AACD42E91AD2050C00846D5F /* opengltest */ = {
			isa = PBXNativeTarget;
			buildConfigurationList = AACD42F11AD2050C00846D5F /* Build configuration list for PBXNativeTarget "opengltest" */;
			buildPhases = (
				AACD42E61AD2050C00846D5F /* Sources */,
				AACD42E71AD2050C00846D5F /* Frameworks */,
				AACD42E81AD2050C00846D5F /* CopyFiles */,
			);
			buildRules = (
			);
			dependencies = (
			);
			name = opengltest;
			productName = opengltest;
			productReference = AACD42EA1AD2050C00846D5F /* opengltest */;
			productType = "com.apple.product-type.tool";
		};
/* End PBXNativeTarget section */

/* Begin PBXProject section */
		AACD42E21AD2050C00846D5F /* Project object */ = {
			isa = PBXProject;
			attributes = {
				LastUpgradeCheck = 0620;
				ORGANIZATIONNAME = Kevin;
				TargetAttributes = {
					AACD42E91AD2050C00846D5F = {
						CreatedOnToolsVersion = 6.2;
					};
				};
			};
			buildConfigurationList = AACD42E51AD2050C00846D5F /* Build configuration list for PBXProject "opengltest" */;
			compatibilityVersion = "Xcode 3.2";
			developmentRegion = English;
			hasScannedForEncodings = 0;
			knownRegions = (
				en,
			);
			mainGroup = AACD42E11AD2050C00846D5F;
			productRefGroup = AACD42EB1AD2050C00846D5F /* Products */;
			projectDirPath = "";
			projectRoot = "";
			targets = (
				AACD42E91AD2050C00846D5F /* opengltest */,
			);
		};
/* End PBXProject section */

/* Begin PBXSourcesBuildPhase section */
		AACD42E61AD2050C00846D5F /* Sources */ = {
			isa = PBXSourcesBuildPhase;
			buildActionMask = 2147483647;
			files = (
				AA2AB2011ADC632C000DD349 /* scene.cpp in Sources */,
				AAA19FC71ADE404200FC733B /* model.cpp in Sources */,
				AABB7DDD1ADA264400AF7BFB /* shader.cpp in Sources */,
				AACD42EE1AD2050C00846D5F /* main.cpp in Sources */,
				AA2AB2041ADD030C000DD349 /* camera.cpp in Sources */,
			);
			runOnlyForDeploymentPostprocessing = 0;
		};
/* End PBXSourcesBuildPhase section */

/* Begin XCBuildConfiguration section */
		AACD42EF1AD2050C00846D5F /* Debug */ = {
			isa = XCBuildConfiguration;
			buildSettings = {
				ALWAYS_SEARCH_USER_PATHS = NO;
				CLANG_CXX_LANGUAGE_STANDARD = "gnu++0x";
				CLANG_CXX_LIBRARY = "libc++";
				CLANG_ENABLE_MODULES = YES;
				CLANG_ENABLE_OBJC_ARC = YES;
				CLANG_WARN_BOOL_CONVERSION = YES;
				CLANG_WARN_CONSTANT_CONVERSION = YES;
				CLANG_WARN_DIRECT_OBJC_ISA_USAGE = YES_ERROR;
				CLANG_WARN_EMPTY_BODY = YES;
				CLANG_WARN_ENUM_CONVERSION = YES;
				CLANG_WARN_INT_CONVERSION = YES;
				CLANG_WARN_OBJC_ROOT_CLASS = YES_ERROR;
				CLANG_WARN_UNREACHABLE_CODE = YES;
				CLANG_WARN__DUPLICATE_METHOD_MATCH = YES;
				COPY_PHASE_STRIP = NO;
				ENABLE_STRICT_OBJC_MSGSEND = YES;
				GCC_C_LANGUAGE_STANDARD = gnu99;
				GCC_DYNAMIC_NO_PIC = NO;
				GCC_OPTIMIZATION_LEVEL = 0;
				GCC_PREPROCESSOR_DEFINITIONS = (
					"DEBUG=1",
					"$(inherited)",
				);
				GCC_SYMBOLS_PRIVATE_EXTERN = NO;
				GCC_WARN_64_TO_32_BIT_CONVERSION = YES;
				GCC_WARN_ABOUT_RETURN_TYPE = YES_ERROR;
				GCC_WARN_UNDECLARED_SELECTOR = YES;
				GCC_WARN_UNINITIALIZED_AUTOS = YES_AGGRESSIVE;
				GCC_WARN_UNUSED_FUNCTION = YES;
				GCC_WARN_UNUSED_VARIABLE = YES;
				MACOSX_DEPLOYMENT_TARGET = 10.9;
				MTL_ENABLE_DEBUG_INFO = YES;
				ONLY_ACTIVE_ARCH = YES;
				SDKROOT = macosx;
			};
			name = Debug;
		};
		AACD42F01AD2050C00846D5F /* Release */ = {
			isa = XCBuildConfiguration;
			buildSettings = {
				ALWAYS_SEARCH_USER_PATHS = NO;
				CLANG_CXX_LANGUAGE_STANDARD = "gnu++0x";
				CLANG_CXX_LIBRARY = "libc++";
				CLANG_ENABLE_MODULES = YES;
				CLANG_ENABLE_OBJC_ARC = YES;
				CLANG_WARN_BOOL_CONVERSION = YES;
				CLANG_WARN_CONSTANT_CONVERSION = YES;
				CLANG_WARN_DIRECT_OBJC_ISA_USAGE = YES_ERROR;
				CLANG_WARN_EMPTY_BODY = YES;
				CLANG_WARN_ENUM_CONVERSION = YES;
				CLANG_WARN_INT_CONVERSION = YES;
				CLANG_WARN_OBJC_ROOT_CLASS = YES_ERROR;
				CLANG_WARN_UNREACHABLE_CODE = YES;
				CLANG_WARN__DUPLICATE_METHOD_MATCH = YES;
				COPY_PHASE_STRIP = NO;
				DEBUG_INFORMATION_FORMAT = "dwarf-with-dsym";
				ENABLE_NS_ASSERTIONS = NO;
				ENABLE_STRICT_OBJC_MSGSEND = YES;
				GCC_C_LANGUAGE_STANDARD = gnu99;
				GCC_WARN_64_TO_32_BIT_CONVERSION = YES;
				GCC_WARN_ABOUT_RETURN_TYPE = YES_ERROR;
				GCC_WARN_UNDECLARED_SELECTOR = YES;
				GCC_WARN_UNINITIALIZED_AUTOS = YES_AGGRESSIVE;
				GCC_WARN_UNUSED_FUNCTION = YES;
				GCC_WARN_UNUSED_VARIABLE = YES;
				MACOSX_DEPLOYMENT_TARGET = 10.9;
				MTL_ENABLE_DEBUG_INFO = NO;
				SDKROOT = macosx;
			};
			name = Release;
		};
		AACD42F21AD2050C00846D5F /* Debug */ = {
			isa = XCBuildConfiguration;
			buildSettings = {
				HEADER_SEARCH_PATHS = (
					"$(inherited)",
					/Applications/Xcode.app/Contents/Developer/Toolchains/XcodeDefault.xctoolchain/usr/include,
					/usr/local/include,
				);
				LIBRARY_SEARCH_PATHS = (
					/Applications/XCode.app/,
					/usr/local/lib,
					"/glew-1.12.0/lib",
				);
				PRODUCT_NAME = "$(TARGET_NAME)";
			};
			name = Debug;
		};
		AACD42F31AD2050C00846D5F /* Release */ = {
			isa = XCBuildConfiguration;
			buildSettings = {
				HEADER_SEARCH_PATHS = (
					"$(inherited)",
					/Applications/Xcode.app/Contents/Developer/Toolchains/XcodeDefault.xctoolchain/usr/include,
					/usr/local/include,
				);
				LIBRARY_SEARCH_PATHS = (
					/Applications/XCode.app/,
					/usr/local/lib,
					"/glew-1.12.0/lib",
				);
				PRODUCT_NAME = "$(TARGET_NAME)";
			};
			name = Release;
		};
/* End XCBuildConfiguration section */

/* Begin XCConfigurationList section */
		AACD42E51AD2050C00846D5F /* Build configuration list for PBXProject "opengltest" */ = {
			isa = XCConfigurationList;
			buildConfigurations = (
				AACD42EF1AD2050C00846D5F /* Debug */,
				AACD42F01AD2050C00846D5F /* Release */,
			);
			defaultConfigurationIsVisible = 0;
			defaultConfigurationName = Release;
		};
		AACD42F11AD2050C00846D5F /* Build configuration list for PBXNativeTarget "opengltest" */ = {
			isa = XCConfigurationList;
			buildConfigurations = (
				AACD42F21AD2050C00846D5F /* Debug */,
				AACD42F31AD2050C00846D5F /* Release */,
			);
			defaultConfigurationIsVisible = 0;
			defaultConfigurationName = Release;
		};
/* End XCConfigurationList section */
	};
	rootObject = AACD42E21AD2050C00846D5F /* Project object */;
}
